
Microsoft Visual Studio Solution File, Format Version 12.00
# Visual Studio Version 18
VisualStudioVersion = 18.6.11723.189 insiders
MinimumVisualStudioVersion = 10.0.40219.1
Project("{2150E333-8FDC-42A3-9474-1A3956D46DE8}") = "Solution Items", "Solution Items", "{7C88746B-9383-419D-A251-4E0CE81B575B}"
	ProjectSection(SolutionItems) = preProject
		.editorconfig = .editorconfig
	EndProjectSection
EndProject
Project("{FAE04EC0-301F-11D3-BF4B-00C04F79EFBC}") = "Pure.RelationalSchema.RichRelationalModel.EFCore.Models.Configurations", "Pure.RelationalSchema.RichRelationalModel.EFCore.Models.Configurations\Pure.RelationalSchema.RichRelationalModel.EFCore.Models.Configurations.csproj", "{1A673D2D-80F2-6960-9E63-8597935688F7}"
EndProject
Project("{2150E333-8FDC-42A3-9474-1A3956D46DE8}") = "Tests", "Tests", "{91CBD73C-7D4C-442B-9012-01C32DCCA9B0}"
EndProject
Project("{FAE04EC0-301F-11D3-BF4B-00C04F79EFBC}") = "Pure.RelationalSchema.RichRelationalModel.EFCore.Models.Configurations.Tests", "Tests\Pure.RelationalSchema.RichRelationalModel.EFCore.Models.Configurations.Tests\Pure.RelationalSchema.RichRelationalModel.EFCore.Models.Configurations.Tests.csproj", "{3451E057-5EB6-1B11-5823-751388211EA8}"
EndProject
Global
	GlobalSection(SolutionConfigurationPlatforms) = preSolution
		Debug|Any CPU = Debug|Any CPU
		Release|Any CPU = Release|Any CPU
	EndGlobalSection
	GlobalSection(ProjectConfigurationPlatforms) = postSolution
		{1A673D2D-80F2-6960-9E63-8597935688F7}.Debug|Any CPU.ActiveCfg = Debug|Any CPU
		{1A673D2D-80F2-6960-9E63-8597935688F7}.Debug|Any CPU.Build.0 = Debug|Any CPU
		{1A673D2D-80F2-6960-9E63-8597935688F7}.Release|Any CPU.ActiveCfg = Release|Any CPU
		{1A673D2D-80F2-6960-9E63-8597935688F7}.Release|Any CPU.Build.0 = Release|Any CPU
		{3451E057-5EB6-1B11-5823-751388211EA8}.Debug|Any CPU.ActiveCfg = Debug|Any CPU
		{3451E057-5EB6-1B11-5823-751388211EA8}.Debug|Any CPU.Build.0 = Debug|Any CPU
		{3451E057-5EB6-1B11-5823-751388211EA8}.Release|Any CPU.ActiveCfg = Release|Any CPU
		{3451E057-5EB6-1B11-5823-751388211EA8}.Release|Any CPU.Build.0 = Release|Any CPU
	EndGlobalSection
	GlobalSection(SolutionProperties) = preSolution
		HideSolutionNode = FALSE
	EndGlobalSection
	GlobalSection(NestedProjects) = preSolution
		{3451E057-5EB6-1B11-5823-751388211EA8} = {91CBD73C-7D4C-442B-9012-01C32DCCA9B0}
	EndGlobalSection
EndGlobal
